<?xml version="1.0" encoding="utf-8"?>
<Project ToolsVersion="4.0" xmlns="http://schemas.microsoft.com/developer/msbuild/2003">
  <ItemGroup>
    <Filter Include="Source Files">
      <UniqueIdentifier>{4FC737F1-C7A5-4376-A066-2A32D752A2FF}</UniqueIdentifier>
      <Extensions>cpp;c;cc;cxx;def;odl;idl;hpj;bat;asm;asmx</Extensions>
    </Filter>
    <Filter Include="Header Files">
      <UniqueIdentifier>{93995380-89BD-4b04-88EB-625FBE52EBFB}</UniqueIdentifier>
      <Extensions>h;hh;hpp;hxx;hm;inl;inc;xsd</Extensions>
    </Filter>
    <Filter Include="Resource Files">
      <UniqueIdentifier>{67DA6AB6-F800-4c08-8B7A-83BB121AAD01}</UniqueIdentifier>
      <Extensions>rc;ico;cur;bmp;dlg;rc2;rct;bin;rgs;gif;jpg;jpeg;jpe;resx;tiff;tif;png;wav;mfcribbon-ms</Extensions>
    </Filter>
  </ItemGroup>
  <ItemGroup>
    <ClCompile Include="source\main.cpp">
      <Filter>Source Files</Filter>
    </ClCompile>
    <ClCompile Include="source\thirdparty\GL\GL\Context.cpp">
      <Filter>Source Files</Filter>
    </ClCompile>
    <ClCompile Include="source\thirdparty\GL\GL\Context_Win32.cpp">
      <Filter>Source Files</Filter>
    </ClCompile>
    <ClCompile Include="source\thirdparty\GL\GL\Context_X11.cpp">
      <Filter>Source Files</Filter>
    </ClCompile>
    <ClCompile Include="source\thirdparty\GL\GL\Extensions.cpp">
      <Filter>Source Files</Filter>
    </ClCompile>
    <ClCompile Include="source\thirdparty\GL\GL\Framebuffer.cpp">
      <Filter>Source Files</Filter>
    </ClCompile>
    <ClCompile Include="source\thirdparty\GL\GL\Program.cpp">
      <Filter>Source Files</Filter>
    </ClCompile>
    <ClCompile Include="source\thirdparty\GL\GL\Renderbuffer.cpp">
      <Filter>Source Files</Filter>
    </ClCompile>
    <ClCompile Include="source\thirdparty\GL\GL\Shader.cpp">
      <Filter>Source Files</Filter>
    </ClCompile>
    <ClCompile Include="source\thirdparty\GL\GL\Texture.cpp">
      <Filter>Source Files</Filter>
    </ClCompile>
    <ClCompile Include="source\thirdparty\GL\GL\VertexArray.cpp">
      <Filter>Source Files</Filter>
    </ClCompile>
    <ClCompile Include="source\thirdparty\GL\GL\VertexBuffer.cpp">
      <Filter>Source Files</Filter>
    </ClCompile>
    <ClCompile Include="source\thirdparty\GL\Math\Mat3.cpp">
      <Filter>Source Files</Filter>
    </ClCompile>
    <ClCompile Include="source\thirdparty\GL\Math\Mat4.cpp">
      <Filter>Source Files</Filter>
    </ClCompile>
    <ClCompile Include="source\thirdparty\GL\Math\Vec2.cpp">
      <Filter>Source Files</Filter>
    </ClCompile>
    <ClCompile Include="source\thirdparty\GL\Math\Vec3.cpp">
      <Filter>Source Files</Filter>
    </ClCompile>
    <ClCompile Include="source\thirdparty\GL\Math\Vec4.cpp">
      <Filter>Source Files</Filter>
    </ClCompile>
    <ClCompile Include="source\thirdparty\GL\Util\Image.cpp">
      <Filter>Source Files</Filter>
    </ClCompile>
    <ClCompile Include="source\thirdparty\GL\Util\libjpeg\jaricom.c">
      <Filter>Source Files</Filter>
    </ClCompile>
    <ClCompile Include="source\thirdparty\GL\Util\libjpeg\jcapimin.c">
      <Filter>Source Files</Filter>
    </ClCompile>
    <ClCompile Include="source\thirdparty\GL\Util\libjpeg\jcapistd.c">
      <Filter>Source Files</Filter>
    </ClCompile>
    <ClCompile Include="source\thirdparty\GL\Util\libjpeg\jcarith.c">
      <Filter>Source Files</Filter>
    </ClCompile>
    <ClCompile Include="source\thirdparty\GL\Util\libjpeg\jccoefct.c">
      <Filter>Source Files</Filter>
    </ClCompile>
    <ClCompile Include="source\thirdparty\GL\Util\libjpeg\jccolor.c">
      <Filter>Source Files</Filter>
    </ClCompile>
    <ClCompile Include="source\thirdparty\GL\Util\libjpeg\jcdctmgr.c">
      <Filter>Source Files</Filter>
    </ClCompile>
    <ClCompile Include="source\thirdparty\GL\Util\libjpeg\jchuff.c">
      <Filter>Source Files</Filter>
    </ClCompile>
    <ClCompile Include="source\thirdparty\GL\Util\libjpeg\jcinit.c">
      <Filter>Source Files</Filter>
    </ClCompile>
    <ClCompile Include="source\thirdparty\GL\Util\libjpeg\jcmainct.c">
      <Filter>Source Files</Filter>
    </ClCompile>
    <ClCompile Include="source\thirdparty\GL\Util\libjpeg\jcmarker.c">
      <Filter>Source Files</Filter>
    </ClCompile>
    <ClCompile Include="source\thirdparty\GL\Util\libjpeg\jcmaster.c">
      <Filter>Source Files</Filter>
    </ClCompile>
    <ClCompile Include="source\thirdparty\GL\Util\libjpeg\jcomapi.c">
      <Filter>Source Files</Filter>
    </ClCompile>
    <ClCompile Include="source\thirdparty\GL\Util\libjpeg\jcparam.c">
      <Filter>Source Files</Filter>
    </ClCompile>
    <ClCompile Include="source\thirdparty\GL\Util\libjpeg\jcprepct.c">
      <Filter>Source Files</Filter>
    </ClCompile>
    <ClCompile Include="source\thirdparty\GL\Util\libjpeg\jcsample.c">
      <Filter>Source Files</Filter>
    </ClCompile>
    <ClCompile Include="source\thirdparty\GL\Util\libjpeg\jctrans.c">
      <Filter>Source Files</Filter>
    </ClCompile>
    <ClCompile Include="source\thirdparty\GL\Util\libjpeg\jdapimin.c">
      <Filter>Source Files</Filter>
    </ClCompile>
    <ClCompile Include="source\thirdparty\GL\Util\libjpeg\jdapistd.c">
      <Filter>Source Files</Filter>
    </ClCompile>
    <ClCompile Include="source\thirdparty\GL\Util\libjpeg\jdarith.c">
      <Filter>Source Files</Filter>
    </ClCompile>
    <ClCompile Include="source\thirdparty\GL\Util\libjpeg\jdatadst.c">
      <Filter>Source Files</Filter>
    </ClCompile>
    <ClCompile Include="source\thirdparty\GL\Util\libjpeg\jdatasrc.c">
      <Filter>Source Files</Filter>
    </ClCompile>
    <ClCompile Include="source\thirdparty\GL\Util\libjpeg\jdcoefct.c">
      <Filter>Source Files</Filter>
    </ClCompile>
    <ClCompile Include="source\thirdparty\GL\Util\libjpeg\jdcolor.c">
      <Filter>Source Files</Filter>
    </ClCompile>
    <ClCompile Include="source\thirdparty\GL\Util\libjpeg\jddctmgr.c">
      <Filter>Source Files</Filter>
    </ClCompile>
    <ClCompile Include="source\thirdparty\GL\Util\libjpeg\jdhuff.c">
      <Filter>Source Files</Filter>
    </ClCompile>
    <ClCompile Include="source\thirdparty\GL\Util\libjpeg\jdinput.c">
      <Filter>Source Files</Filter>
    </ClCompile>
    <ClCompile Include="source\thirdparty\GL\Util\libjpeg\jdmainct.c">
      <Filter>Source Files</Filter>
    </ClCompile>
    <ClCompile Include="source\thirdparty\GL\Util\libjpeg\jdmarker.c">
      <Filter>Source Files</Filter>
    </ClCompile>
    <ClCompile Include="source\thirdparty\GL\Util\libjpeg\jdmaster.c">
      <Filter>Source Files</Filter>
    </ClCompile>
    <ClCompile Include="source\thirdparty\GL\Util\libjpeg\jdmerge.c">
      <Filter>Source Files</Filter>
    </ClCompile>
    <ClCompile Include="source\thirdparty\GL\Util\libjpeg\jdpostct.c">
      <Filter>Source Files</Filter>
    </ClCompile>
    <ClCompile Include="source\thirdparty\GL\Util\libjpeg\jdsample.c">
      <Filter>Source Files</Filter>
    </ClCompile>
    <ClCompile Include="source\thirdparty\GL\Util\libjpeg\jdtrans.c">
      <Filter>Source Files</Filter>
    </ClCompile>
    <ClCompile Include="source\thirdparty\GL\Util\libjpeg\jerror.c">
      <Filter>Source Files</Filter>
    </ClCompile>
    <ClCompile Include="source\thirdparty\GL\Util\libjpeg\jfdctflt.c">
      <Filter>Source Files</Filter>
    </ClCompile>
    <ClCompile Include="source\thirdparty\GL\Util\libjpeg\jfdctfst.c">
      <Filter>Source Files</Filter>
    </ClCompile>
    <ClCompile Include="source\thirdparty\GL\Util\libjpeg\jfdctint.c">
      <Filter>Source Files</Filter>
    </ClCompile>
    <ClCompile Include="source\thirdparty\GL\Util\libjpeg\jidctflt.c">
      <Filter>Source Files</Filter>
    </ClCompile>
    <ClCompile Include="source\thirdparty\GL\Util\libjpeg\jidctfst.c">
      <Filter>Source Files</Filter>
    </ClCompile>
    <ClCompile Include="source\thirdparty\GL\Util\libjpeg\jidctint.c">
      <Filter>Source Files</Filter>
    </ClCompile>
    <ClCompile Include="source\thirdparty\GL\Util\libjpeg\jmemmgr.c">
      <Filter>Source Files</Filter>
    </ClCompile>
    <ClCompile Include="source\thirdparty\GL\Util\libjpeg\jmemnobs.c">
      <Filter>Source Files</Filter>
    </ClCompile>
    <ClCompile Include="source\thirdparty\GL\Util\libjpeg\jquant1.c">
      <Filter>Source Files</Filter>
    </ClCompile>
    <ClCompile Include="source\thirdparty\GL\Util\libjpeg\jquant2.c">
      <Filter>Source Files</Filter>
    </ClCompile>
    <ClCompile Include="source\thirdparty\GL\Util\libjpeg\jutils.c">
      <Filter>Source Files</Filter>
    </ClCompile>
    <ClCompile Include="source\thirdparty\GL\Util\libpng\png.c">
      <Filter>Source Files</Filter>
    </ClCompile>
    <ClCompile Include="source\thirdparty\GL\Util\libpng\pngerror.c">
      <Filter>Source Files</Filter>
    </ClCompile>
    <ClCompile Include="source\thirdparty\GL\Util\libpng\pnggccrd.c">
      <Filter>Source Files</Filter>
    </ClCompile>
    <ClCompile Include="source\thirdparty\GL\Util\libpng\pngget.c">
      <Filter>Source Files</Filter>
    </ClCompile>
    <ClCompile Include="source\thirdparty\GL\Util\libpng\pngmem.c">
      <Filter>Source Files</Filter>
    </ClCompile>
    <ClCompile Include="source\thirdparty\GL\Util\libpng\pngpread.c">
      <Filter>Source Files</Filter>
    </ClCompile>
    <ClCompile Include="source\thirdparty\GL\Util\libpng\pngread.c">
      <Filter>Source Files</Filter>
    </ClCompile>
    <ClCompile Include="source\thirdparty\GL\Util\libpng\pngrio.c">
      <Filter>Source Files</Filter>
    </ClCompile>
    <ClCompile Include="source\thirdparty\GL\Util\libpng\pngrtran.c">
      <Filter>Source Files</Filter>
    </ClCompile>
    <ClCompile Include="source\thirdparty\GL\Util\libpng\pngrutil.c">
      <Filter>Source Files</Filter>
    </ClCompile>
    <ClCompile Include="source\thirdparty\GL\Util\libpng\pngset.c">
      <Filter>Source Files</Filter>
    </ClCompile>
    <ClCompile Include="source\thirdparty\GL\Util\libpng\pngtrans.c">
      <Filter>Source Files</Filter>
    </ClCompile>
    <ClCompile Include="source\thirdparty\GL\Util\libpng\pngvcrd.c">
      <Filter>Source Files</Filter>
    </ClCompile>
    <ClCompile Include="source\thirdparty\GL\Util\libpng\pngwio.c">
      <Filter>Source Files</Filter>
    </ClCompile>
    <ClCompile Include="source\thirdparty\GL\Util\libpng\pngwrite.c">
      <Filter>Source Files</Filter>
    </ClCompile>
    <ClCompile Include="source\thirdparty\GL\Util\libpng\pngwtran.c">
      <Filter>Source Files</Filter>
    </ClCompile>
    <ClCompile Include="source\thirdparty\GL\Util\libpng\pngwutil.c">
      <Filter>Source Files</Filter>
    </ClCompile>
    <ClCompile Include="source\thirdparty\GL\Util\Mesh.cpp">
      <Filter>Source Files</Filter>
    </ClCompile>
    <ClCompile Include="source\thirdparty\GL\Util\zlib\adler32.c">
      <Filter>Source Files</Filter>
    </ClCompile>
    <ClCompile Include="source\thirdparty\GL\Util\zlib\compress.c">
      <Filter>Source Files</Filter>
    </ClCompile>
    <ClCompile Include="source\thirdparty\GL\Util\zlib\crc32.c">
      <Filter>Source Files</Filter>
    </ClCompile>
    <ClCompile Include="source\thirdparty\GL\Util\zlib\deflate.c">
      <Filter>Source Files</Filter>
    </ClCompile>
    <ClCompile Include="source\thirdparty\GL\Util\zlib\inffast.c">
      <Filter>Source Files</Filter>
    </ClCompile>
    <ClCompile Include="source\thirdparty\GL\Util\zlib\inflate.c">
      <Filter>Source Files</Filter>
    </ClCompile>
    <ClCompile Include="source\thirdparty\GL\Util\zlib\inftrees.c">
      <Filter>Source Files</Filter>
    </ClCompile>
    <ClCompile Include="source\thirdparty\GL\Util\zlib\trees.c">
      <Filter>Source Files</Filter>
    </ClCompile>
    <ClCompile Include="source\thirdparty\GL\Util\zlib\uncompr.c">
      <Filter>Source Files</Filter>
    </ClCompile>
    <ClCompile Include="source\thirdparty\GL\Util\zlib\zutil.c">
      <Filter>Source Files</Filter>
    </ClCompile>
    <ClCompile Include="source\thirdparty\GL\Window\Window.cpp">
      <Filter>Source Files</Filter>
    </ClCompile>
    <ClCompile Include="source\thirdparty\GL\Window\Window_Win32.cpp">
      <Filter>Source Files</Filter>
    </ClCompile>
    <ClCompile Include="source\thirdparty\GL\Window\Window_X11.cpp">
      <Filter>Source Files</Filter>
    </ClCompile>
    <ClCompile Include="source\thirdparty\micropather\micropather.cpp">
      <Filter>Source Files</Filter>
    </ClCompile>
    <ClCompile Include="source\common\InputHelper.cpp">
      <Filter>Source Files</Filter>
    </ClCompile>
    <ClCompile Include="source\resource\ArchiveReader.cpp">
      <Filter>Source Files</Filter>
    </ClCompile>
    <ClCompile Include="source\resource\ArchiveWriter.cpp">
      <Filter>Source Files</Filter>
    </ClCompile>
    <ClCompile Include="source\thirdparty\Doboz\Compressor.cpp">
      <Filter>Source Files</Filter>
    </ClCompile>
    <ClCompile Include="source\thirdparty\Doboz\Decompressor.cpp">
      <Filter>Source Files</Filter>
    </ClCompile>
    <ClCompile Include="source\thirdparty\Doboz\Dictionary.cpp">
      <Filter>Source Files</Filter>
    </ClCompile>
    <ClCompile Include="source\common\Encoder.cpp">
      <Filter>Source Files</Filter>
    </ClCompile>
    <ClCompile Include="source\gfx\core\Vertex.cpp">
      <Filter>Source Files</Filter>
    </ClCompile>
    <ClCompile Include="source\gfx\scene\model\CreatureModel.cpp">
      <Filter>Source Files</Filter>
    </ClCompile>
    <ClCompile Include="source\gfx\scene\model\HubModel.cpp">
      <Filter>Source Files</Filter>
    </ClCompile>
    <ClCompile Include="source\gfx\scene\model\Model.cpp">
      <Filter>Source Files</Filter>
    </ClCompile>
    <ClCompile Include="source\gfx\scene\Camera.cpp">
      <Filter>Source Files</Filter>
    </ClCompile>
    <ClCompile Include="source\gfx\scene\Scene.cpp">
      <Filter>Source Files</Filter>
    </ClCompile>
    <ClCompile Include="source\gfx\shape\CreatureShape.cpp">
      <Filter>Source Files</Filter>
    </ClCompile>
    <ClCompile Include="source\gfx\shape\PlatformRingShape.cpp">
      <Filter>Source Files</Filter>
    </ClCompile>
    <ClCompile Include="source\gfx\shape\VoronoiPillarShape.cpp">
      <Filter>Source Files</Filter>
    </ClCompile>
    <ClCompile Include="source\gfx\shape\WireShape.cpp">
      <Filter>Source Files</Filter>
    </ClCompile>
    <ClCompile Include="source\gfx\gui\RocketFileInterface.cpp">
      <Filter>Source Files</Filter>
    </ClCompile>
    <ClCompile Include="source\gfx\gui\RocketRenderInterface.cpp">
      <Filter>Source Files</Filter>
    </ClCompile>
    <ClCompile Include="source\gfx\gui\RocketSystemInterface.cpp">
      <Filter>Source Files</Filter>
    </ClCompile>
    <ClCompile Include="source\gfx\gui\GUI.cpp">
      <Filter>Source Files</Filter>
    </ClCompile>
    <ClCompile Include="source\resource\ShaderLoader.cpp">
      <Filter>Source Files</Filter>
    </ClCompile>
    <ClCompile Include="source\gfx\core\ShaderTable.cpp">
      <Filter>Source Files</Filter>
    </ClCompile>
    <ClCompile Include="source\game\player\HumanPlayer.cpp">
      <Filter>Source Files</Filter>
    </ClCompile>
    <ClCompile Include="source\gfx\RenderThread.cpp">
      <Filter>Source Files</Filter>
    </ClCompile>
    <ClCompile Include="source\game\GameThread.cpp">
      <Filter>Source Files</Filter>
    </ClCompile>
    <ClCompile Include="source\Potato.cpp">
      <Filter>Source Files</Filter>
    </ClCompile>
    <ClCompile Include="source\gfx\scene\model\TransportModel.cpp">
      <Filter>Source Files</Filter>
    </ClCompile>
    <ClCompile Include="source\gfx\scene\model\ChargeModel.cpp">
      <Filter>Source Files</Filter>
    </ClCompile>
    <ClCompile Include="source\gfx\scene\model\ResourceModel.cpp">
      <Filter>Source Files</Filter>
    </ClCompile>
    <ClCompile Include="source\gfx\scene\model\TraceModel.cpp">
      <Filter>Source Files</Filter>
    </ClCompile>
    <ClCompile Include="source\gfx\scene\model\SpawnModel.cpp">
      <Filter>Source Files</Filter>
    </ClCompile>
    <ClCompile Include="source\gfx\scene\model\PortalModel.cpp">
      <Filter>Source Files</Filter>
    </ClCompile>
    <ClCompile Include="source\gfx\scene\model\TrapModel.cpp">
      <Filter>Source Files</Filter>
    </ClCompile>
    <ClCompile Include="source\game\player\Player.cpp">
      <Filter>Source Files</Filter>
    </ClCompile>
    <ClCompile Include="source\gfx\scene\Horizon.cpp">
      <Filter>Source Files</Filter>
    </ClCompile>
    <ClCompile Include="source\game\level\Level.cpp">
      <Filter>Source Files</Filter>
    </ClCompile>
    <ClCompile Include="source\game\level\LevelBuilder.cpp">
      <Filter>Source Files</Filter>
    </ClCompile>
    <ClCompile Include="source\game\entity\ChargeEntity.cpp">
      <Filter>Source Files</Filter>
    </ClCompile>
    <ClCompile Include="source\game\entity\CreatureEntity.cpp">
      <Filter>Source Files</Filter>
    </ClCompile>
    <ClCompile Include="source\game\entity\Entity.cpp">
      <Filter>Source Files</Filter>
    </ClCompile>
    <ClCompile Include="source\game\entity\EntityManager.cpp">
      <Filter>Source Files</Filter>
    </ClCompile>
    <ClCompile Include="source\game\entity\HubEntity.cpp">
      <Filter>Source Files</Filter>
    </ClCompile>
    <ClCompile Include="source\game\entity\PlatformEntity.cpp">
      <Filter>Source Files</Filter>
    </ClCompile>
    <ClCompile Include="source\game\entity\PortalEntity.cpp">
      <Filter>Source Files</Filter>
    </ClCompile>
    <ClCompile Include="source\game\entity\ResourceEntity.cpp">
      <Filter>Source Files</Filter>
    </ClCompile>
    <ClCompile Include="source\game\entity\SpawnEntity.cpp">
      <Filter>Source Files</Filter>
    </ClCompile>
    <ClCompile Include="source\game\entity\TraceEntity.cpp">
      <Filter>Source Files</Filter>
    </ClCompile>
    <ClCompile Include="source\game\entity\TransportEntity.cpp">
      <Filter>Source Files</Filter>
    </ClCompile>
    <ClCompile Include="source\game\entity\TrapEntity.cpp">
      <Filter>Source Files</Filter>
    </ClCompile>
  </ItemGroup>
  <ItemGroup>
    <ClInclude Include="source\common\IDPool.hpp">
      <Filter>Header Files</Filter>
    </ClInclude>
    <ClInclude Include="source\common\stringhash.hpp">
      <Filter>Header Files</Filter>
    </ClInclude>
    <ClInclude Include="source\game\creature\action\Action.hpp">
      <Filter>Header Files</Filter>
    </ClInclude>
    <ClInclude Include="source\game\creature\Creature.hpp">
      <Filter>Header Files</Filter>
    </ClInclude>
    <ClInclude Include="source\game\creature\trait\Trait.hpp">
      <Filter>Header Files</Filter>
    </ClInclude>
    <ClInclude Include="source\game\level\Level.hpp">
      <Filter>Header Files</Filter>
    </ClInclude>
    <ClInclude Include="source\game\player\AIPlayer.hpp">
      <Filter>Header Files</Filter>
    </ClInclude>
    <ClInclude Include="source\game\player\HumanPlayer.hpp">
      <Filter>Header Files</Filter>
    </ClInclude>
    <ClInclude Include="source\game\player\Player.hpp">
      <Filter>Header Files</Filter>
    </ClInclude>
    <ClInclude Include="source\thirdparty\boost\polygon\detail\voronoi_ctypes.hpp">
      <Filter>Header Files</Filter>
    </ClInclude>
    <ClInclude Include="source\thirdparty\boost\polygon\detail\voronoi_predicates.hpp">
      <Filter>Header Files</Filter>
    </ClInclude>
    <ClInclude Include="source\thirdparty\boost\polygon\detail\voronoi_robust_fpt.hpp">
      <Filter>Header Files</Filter>
    </ClInclude>
    <ClInclude Include="source\thirdparty\boost\polygon\detail\voronoi_structures.hpp">
      <Filter>Header Files</Filter>
    </ClInclude>
    <ClInclude Include="source\thirdparty\boost\polygon\voronoi.hpp">
      <Filter>Header Files</Filter>
    </ClInclude>
    <ClInclude Include="source\thirdparty\boost\polygon\voronoi_builder.hpp">
      <Filter>Header Files</Filter>
    </ClInclude>
    <ClInclude Include="source\thirdparty\boost\polygon\voronoi_diagram.hpp">
      <Filter>Header Files</Filter>
    </ClInclude>
    <ClInclude Include="source\thirdparty\boost\polygon\voronoi_utils.hpp">
      <Filter>Header Files</Filter>
    </ClInclude>
    <ClInclude Include="source\thirdparty\raz\bitset.hpp">
      <Filter>Header Files</Filter>
    </ClInclude>
    <ClInclude Include="source\thirdparty\raz\callback.hpp">
      <Filter>Header Files</Filter>
    </ClInclude>
    <ClInclude Include="source\thirdparty\raz\event.hpp">
      <Filter>Header Files</Filter>
    </ClInclude>
    <ClInclude Include="source\thirdparty\raz\functional.hpp">
      <Filter>Header Files</Filter>
    </ClInclude>
    <ClInclude Include="source\thirdparty\raz\memory.hpp">
      <Filter>Header Files</Filter>
    </ClInclude>
    <ClInclude Include="source\thirdparty\raz\network.hpp">
      <Filter>Header Files</Filter>
    </ClInclude>
    <ClInclude Include="source\thirdparty\raz\networkbackend.hpp">
      <Filter>Header Files</Filter>
    </ClInclude>
    <ClInclude Include="source\thirdparty\raz\random.hpp">
      <Filter>Header Files</Filter>
    </ClInclude>
    <ClInclude Include="source\thirdparty\raz\serialization.hpp">
      <Filter>Header Files</Filter>
    </ClInclude>
    <ClInclude Include="source\thirdparty\raz\storage.hpp">
      <Filter>Header Files</Filter>
    </ClInclude>
    <ClInclude Include="source\thirdparty\raz\stream.hpp">
      <Filter>Header Files</Filter>
    </ClInclude>
    <ClInclude Include="source\thirdparty\raz\timer.hpp">
      <Filter>Header Files</Filter>
    </ClInclude>
    <ClInclude Include="source\thirdparty\Rocket\Controls.h">
      <Filter>Header Files</Filter>
    </ClInclude>
    <ClInclude Include="source\thirdparty\Rocket\Controls\Clipboard.h">
      <Filter>Header Files</Filter>
    </ClInclude>
    <ClInclude Include="source\thirdparty\Rocket\Controls\Controls.h">
      <Filter>Header Files</Filter>
    </ClInclude>
    <ClInclude Include="source\thirdparty\Rocket\Controls\DataFormatter.h">
      <Filter>Header Files</Filter>
    </ClInclude>
    <ClInclude Include="source\thirdparty\Rocket\Controls\DataQuery.h">
      <Filter>Header Files</Filter>
    </ClInclude>
    <ClInclude Include="source\thirdparty\Rocket\Controls\DataSource.h">
      <Filter>Header Files</Filter>
    </ClInclude>
    <ClInclude Include="source\thirdparty\Rocket\Controls\DataSourceListener.h">
      <Filter>Header Files</Filter>
    </ClInclude>
    <ClInclude Include="source\thirdparty\Rocket\Controls\ElementDataGrid.h">
      <Filter>Header Files</Filter>
    </ClInclude>
    <ClInclude Include="source\thirdparty\Rocket\Controls\ElementDataGridCell.h">
      <Filter>Header Files</Filter>
    </ClInclude>
    <ClInclude Include="source\thirdparty\Rocket\Controls\ElementDataGridExpandButton.h">
      <Filter>Header Files</Filter>
    </ClInclude>
    <ClInclude Include="source\thirdparty\Rocket\Controls\ElementDataGridRow.h">
      <Filter>Header Files</Filter>
    </ClInclude>
    <ClInclude Include="source\thirdparty\Rocket\Controls\ElementForm.h">
      <Filter>Header Files</Filter>
    </ClInclude>
    <ClInclude Include="source\thirdparty\Rocket\Controls\ElementFormControl.h">
      <Filter>Header Files</Filter>
    </ClInclude>
    <ClInclude Include="source\thirdparty\Rocket\Controls\ElementFormControlDataSelect.h">
      <Filter>Header Files</Filter>
    </ClInclude>
    <ClInclude Include="source\thirdparty\Rocket\Controls\ElementFormControlInput.h">
      <Filter>Header Files</Filter>
    </ClInclude>
    <ClInclude Include="source\thirdparty\Rocket\Controls\ElementFormControlSelect.h">
      <Filter>Header Files</Filter>
    </ClInclude>
    <ClInclude Include="source\thirdparty\Rocket\Controls\ElementFormControlTextArea.h">
      <Filter>Header Files</Filter>
    </ClInclude>
    <ClInclude Include="source\thirdparty\Rocket\Controls\ElementTabSet.h">
      <Filter>Header Files</Filter>
    </ClInclude>
    <ClInclude Include="source\thirdparty\Rocket\Controls\Header.h">
      <Filter>Header Files</Filter>
    </ClInclude>
    <ClInclude Include="source\thirdparty\Rocket\Controls\Lua\Controls.h">
      <Filter>Header Files</Filter>
    </ClInclude>
    <ClInclude Include="source\thirdparty\Rocket\Controls\Lua\Header.h">
      <Filter>Header Files</Filter>
    </ClInclude>
    <ClInclude Include="source\thirdparty\Rocket\Controls\SelectOption.h">
      <Filter>Header Files</Filter>
    </ClInclude>
    <ClInclude Include="source\thirdparty\Rocket\Core.h">
      <Filter>Header Files</Filter>
    </ClInclude>
    <ClInclude Include="source\thirdparty\Rocket\Core\BaseXMLParser.h">
      <Filter>Header Files</Filter>
    </ClInclude>
    <ClInclude Include="source\thirdparty\Rocket\Core\BitmapFont\FontProvider.h">
      <Filter>Header Files</Filter>
    </ClInclude>
    <ClInclude Include="source\thirdparty\Rocket\Core\Box.h">
      <Filter>Header Files</Filter>
    </ClInclude>
    <ClInclude Include="source\thirdparty\Rocket\Core\Colour.h">
      <Filter>Header Files</Filter>
    </ClInclude>
    <ClInclude Include="source\thirdparty\Rocket\Core\Context.h">
      <Filter>Header Files</Filter>
    </ClInclude>
    <ClInclude Include="source\thirdparty\Rocket\Core\ContextInstancer.h">
      <Filter>Header Files</Filter>
    </ClInclude>
    <ClInclude Include="source\thirdparty\Rocket\Core\ConvolutionFilter.h">
      <Filter>Header Files</Filter>
    </ClInclude>
    <ClInclude Include="source\thirdparty\Rocket\Core\Core.h">
      <Filter>Header Files</Filter>
    </ClInclude>
    <ClInclude Include="source\thirdparty\Rocket\Core\Debug.h">
      <Filter>Header Files</Filter>
    </ClInclude>
    <ClInclude Include="source\thirdparty\Rocket\Core\Decorator.h">
      <Filter>Header Files</Filter>
    </ClInclude>
    <ClInclude Include="source\thirdparty\Rocket\Core\DecoratorInstancer.h">
      <Filter>Header Files</Filter>
    </ClInclude>
    <ClInclude Include="source\thirdparty\Rocket\Core\Dictionary.h">
      <Filter>Header Files</Filter>
    </ClInclude>
    <ClInclude Include="source\thirdparty\Rocket\Core\Element.h">
      <Filter>Header Files</Filter>
    </ClInclude>
    <ClInclude Include="source\thirdparty\Rocket\Core\ElementDocument.h">
      <Filter>Header Files</Filter>
    </ClInclude>
    <ClInclude Include="source\thirdparty\Rocket\Core\ElementInstancer.h">
      <Filter>Header Files</Filter>
    </ClInclude>
    <ClInclude Include="source\thirdparty\Rocket\Core\ElementInstancerGeneric.h">
      <Filter>Header Files</Filter>
    </ClInclude>
    <ClInclude Include="source\thirdparty\Rocket\Core\ElementReference.h">
      <Filter>Header Files</Filter>
    </ClInclude>
    <ClInclude Include="source\thirdparty\Rocket\Core\ElementScroll.h">
      <Filter>Header Files</Filter>
    </ClInclude>
    <ClInclude Include="source\thirdparty\Rocket\Core\ElementText.h">
      <Filter>Header Files</Filter>
    </ClInclude>
    <ClInclude Include="source\thirdparty\Rocket\Core\ElementUtilities.h">
      <Filter>Header Files</Filter>
    </ClInclude>
    <ClInclude Include="source\thirdparty\Rocket\Core\Event.h">
      <Filter>Header Files</Filter>
    </ClInclude>
    <ClInclude Include="source\thirdparty\Rocket\Core\EventInstancer.h">
      <Filter>Header Files</Filter>
    </ClInclude>
    <ClInclude Include="source\thirdparty\Rocket\Core\EventListener.h">
      <Filter>Header Files</Filter>
    </ClInclude>
    <ClInclude Include="source\thirdparty\Rocket\Core\EventListenerInstancer.h">
      <Filter>Header Files</Filter>
    </ClInclude>
    <ClInclude Include="source\thirdparty\Rocket\Core\Factory.h">
      <Filter>Header Files</Filter>
    </ClInclude>
    <ClInclude Include="source\thirdparty\Rocket\Core\FileInterface.h">
      <Filter>Header Files</Filter>
    </ClInclude>
    <ClInclude Include="source\thirdparty\Rocket\Core\Font.h">
      <Filter>Header Files</Filter>
    </ClInclude>
    <ClInclude Include="source\thirdparty\Rocket\Core\FontDatabase.h">
      <Filter>Header Files</Filter>
    </ClInclude>
    <ClInclude Include="source\thirdparty\Rocket\Core\FontEffect.h">
      <Filter>Header Files</Filter>
    </ClInclude>
    <ClInclude Include="source\thirdparty\Rocket\Core\FontEffectInstancer.h">
      <Filter>Header Files</Filter>
    </ClInclude>
    <ClInclude Include="source\thirdparty\Rocket\Core\FontFace.h">
      <Filter>Header Files</Filter>
    </ClInclude>
    <ClInclude Include="source\thirdparty\Rocket\Core\FontFamily.h">
      <Filter>Header Files</Filter>
    </ClInclude>
    <ClInclude Include="source\thirdparty\Rocket\Core\FontGlyph.h">
      <Filter>Header Files</Filter>
    </ClInclude>
    <ClInclude Include="source\thirdparty\Rocket\Core\FontProvider.h">
      <Filter>Header Files</Filter>
    </ClInclude>
    <ClInclude Include="source\thirdparty\Rocket\Core\FreeType\FontProvider.h">
      <Filter>Header Files</Filter>
    </ClInclude>
    <ClInclude Include="source\thirdparty\Rocket\Core\Geometry.h">
      <Filter>Header Files</Filter>
    </ClInclude>
    <ClInclude Include="source\thirdparty\Rocket\Core\GeometryUtilities.h">
      <Filter>Header Files</Filter>
    </ClInclude>
    <ClInclude Include="source\thirdparty\Rocket\Core\Header.h">
      <Filter>Header Files</Filter>
    </ClInclude>
    <ClInclude Include="source\thirdparty\Rocket\Core\Input.h">
      <Filter>Header Files</Filter>
    </ClInclude>
    <ClInclude Include="source\thirdparty\Rocket\Core\Log.h">
      <Filter>Header Files</Filter>
    </ClInclude>
    <ClInclude Include="source\thirdparty\Rocket\Core\Lua\Header.h">
      <Filter>Header Files</Filter>
    </ClInclude>
    <ClInclude Include="source\thirdparty\Rocket\Core\Lua\Interpreter.h">
      <Filter>Header Files</Filter>
    </ClInclude>
    <ClInclude Include="source\thirdparty\Rocket\Core\Lua\lua.hpp">
      <Filter>Header Files</Filter>
    </ClInclude>
    <ClInclude Include="source\thirdparty\Rocket\Core\Lua\LuaType.h">
      <Filter>Header Files</Filter>
    </ClInclude>
    <ClInclude Include="source\thirdparty\Rocket\Core\Lua\Utilities.h">
      <Filter>Header Files</Filter>
    </ClInclude>
    <ClInclude Include="source\thirdparty\Rocket\Core\Math.h">
      <Filter>Header Files</Filter>
    </ClInclude>
    <ClInclude Include="source\thirdparty\Rocket\Core\MathTypes.h">
      <Filter>Header Files</Filter>
    </ClInclude>
    <ClInclude Include="source\thirdparty\Rocket\Core\Platform.h">
      <Filter>Header Files</Filter>
    </ClInclude>
    <ClInclude Include="source\thirdparty\Rocket\Core\Plugin.h">
      <Filter>Header Files</Filter>
    </ClInclude>
    <ClInclude Include="source\thirdparty\Rocket\Core\Property.h">
      <Filter>Header Files</Filter>
    </ClInclude>
    <ClInclude Include="source\thirdparty\Rocket\Core\PropertyDefinition.h">
      <Filter>Header Files</Filter>
    </ClInclude>
    <ClInclude Include="source\thirdparty\Rocket\Core\PropertyDictionary.h">
      <Filter>Header Files</Filter>
    </ClInclude>
    <ClInclude Include="source\thirdparty\Rocket\Core\PropertyParser.h">
      <Filter>Header Files</Filter>
    </ClInclude>
    <ClInclude Include="source\thirdparty\Rocket\Core\PropertySpecification.h">
      <Filter>Header Files</Filter>
    </ClInclude>
    <ClInclude Include="source\thirdparty\Rocket\Core\Python\ConverterScriptObject.h">
      <Filter>Header Files</Filter>
    </ClInclude>
    <ClInclude Include="source\thirdparty\Rocket\Core\Python\ElementInstancer.h">
      <Filter>Header Files</Filter>
    </ClInclude>
    <ClInclude Include="source\thirdparty\Rocket\Core\Python\ElementWrapper.h">
      <Filter>Header Files</Filter>
    </ClInclude>
    <ClInclude Include="source\thirdparty\Rocket\Core\Python\Header.h">
      <Filter>Header Files</Filter>
    </ClInclude>
    <ClInclude Include="source\thirdparty\Rocket\Core\Python\NameIndexInterface.h">
      <Filter>Header Files</Filter>
    </ClInclude>
    <ClInclude Include="source\thirdparty\Rocket\Core\Python\PickleTypeConverter.h">
      <Filter>Header Files</Filter>
    </ClInclude>
    <ClInclude Include="source\thirdparty\Rocket\Core\Python\Python.h">
      <Filter>Header Files</Filter>
    </ClInclude>
    <ClInclude Include="source\thirdparty\Rocket\Core\Python\Utilities.h">
      <Filter>Header Files</Filter>
    </ClInclude>
    <ClInclude Include="source\thirdparty\Rocket\Core\Python\VectorInterface.h">
      <Filter>Header Files</Filter>
    </ClInclude>
    <ClInclude Include="source\thirdparty\Rocket\Core\Python\Wrapper.h">
      <Filter>Header Files</Filter>
    </ClInclude>
    <ClInclude Include="source\thirdparty\Rocket\Core\Python\WrapperIter.h">
      <Filter>Header Files</Filter>
    </ClInclude>
    <ClInclude Include="source\thirdparty\Rocket\Core\ReferenceCountable.h">
      <Filter>Header Files</Filter>
    </ClInclude>
    <ClInclude Include="source\thirdparty\Rocket\Core\RenderInterface.h">
      <Filter>Header Files</Filter>
    </ClInclude>
    <ClInclude Include="source\thirdparty\Rocket\Core\ScriptInterface.h">
      <Filter>Header Files</Filter>
    </ClInclude>
    <ClInclude Include="source\thirdparty\Rocket\Core\Stream.h">
      <Filter>Header Files</Filter>
    </ClInclude>
    <ClInclude Include="source\thirdparty\Rocket\Core\StreamMemory.h">
      <Filter>Header Files</Filter>
    </ClInclude>
    <ClInclude Include="source\thirdparty\Rocket\Core\String.h">
      <Filter>Header Files</Filter>
    </ClInclude>
    <ClInclude Include="source\thirdparty\Rocket\Core\StringBase.h">
      <Filter>Header Files</Filter>
    </ClInclude>
    <ClInclude Include="source\thirdparty\Rocket\Core\StringUtilities.h">
      <Filter>Header Files</Filter>
    </ClInclude>
    <ClInclude Include="source\thirdparty\Rocket\Core\StyleSheet.h">
      <Filter>Header Files</Filter>
    </ClInclude>
    <ClInclude Include="source\thirdparty\Rocket\Core\StyleSheetKeywords.h">
      <Filter>Header Files</Filter>
    </ClInclude>
    <ClInclude Include="source\thirdparty\Rocket\Core\StyleSheetSpecification.h">
      <Filter>Header Files</Filter>
    </ClInclude>
    <ClInclude Include="source\thirdparty\Rocket\Core\SystemInterface.h">
      <Filter>Header Files</Filter>
    </ClInclude>
    <ClInclude Include="source\thirdparty\Rocket\Core\Texture.h">
      <Filter>Header Files</Filter>
    </ClInclude>
    <ClInclude Include="source\thirdparty\Rocket\Core\TypeConverter.h">
      <Filter>Header Files</Filter>
    </ClInclude>
    <ClInclude Include="source\thirdparty\Rocket\Core\Types.h">
      <Filter>Header Files</Filter>
    </ClInclude>
    <ClInclude Include="source\thirdparty\Rocket\Core\URL.h">
      <Filter>Header Files</Filter>
    </ClInclude>
    <ClInclude Include="source\thirdparty\Rocket\Core\Variant.h">
      <Filter>Header Files</Filter>
    </ClInclude>
    <ClInclude Include="source\thirdparty\Rocket\Core\Vector2.h">
      <Filter>Header Files</Filter>
    </ClInclude>
    <ClInclude Include="source\thirdparty\Rocket\Core\Vertex.h">
      <Filter>Header Files</Filter>
    </ClInclude>
    <ClInclude Include="source\thirdparty\Rocket\Core\WString.h">
      <Filter>Header Files</Filter>
    </ClInclude>
    <ClInclude Include="source\thirdparty\Rocket\Core\XMLNodeHandler.h">
      <Filter>Header Files</Filter>
    </ClInclude>
    <ClInclude Include="source\thirdparty\Rocket\Core\XMLParser.h">
      <Filter>Header Files</Filter>
    </ClInclude>
    <ClInclude Include="source\thirdparty\Rocket\Debugger.h">
      <Filter>Header Files</Filter>
    </ClInclude>
    <ClInclude Include="source\thirdparty\Rocket\Debugger\Debugger.h">
      <Filter>Header Files</Filter>
    </ClInclude>
    <ClInclude Include="source\thirdparty\Rocket\Debugger\Header.h">
      <Filter>Header Files</Filter>
    </ClInclude>
    <ClInclude Include="source\common\BoundingBox2D.hpp">
      <Filter>Header Files</Filter>
    </ClInclude>
    <ClInclude Include="source\common\Circle2D.hpp">
      <Filter>Header Files</Filter>
    </ClInclude>
    <ClInclude Include="source\common\equals.hpp">
      <Filter>Header Files</Filter>
    </ClInclude>
    <ClInclude Include="source\common\Line2D.hpp">
      <Filter>Header Files</Filter>
    </ClInclude>
    <ClInclude Include="source\common\Point2D.hpp">
      <Filter>Header Files</Filter>
    </ClInclude>
    <ClInclude Include="source\common\Polygon2D.hpp">
      <Filter>Header Files</Filter>
    </ClInclude>
    <ClInclude Include="source\common\Quaternion.hpp">
      <Filter>Header Files</Filter>
    </ClInclude>
    <ClInclude Include="source\common\Triangle2D.hpp">
      <Filter>Header Files</Filter>
    </ClInclude>
    <ClInclude Include="source\common\PerlinNoise.hpp">
      <Filter>Header Files</Filter>
    </ClInclude>
    <ClInclude Include="source\thirdparty\GL\GL\Context.hpp">
      <Filter>Header Files</Filter>
    </ClInclude>
    <ClInclude Include="source\thirdparty\GL\GL\Extensions.hpp">
      <Filter>Header Files</Filter>
    </ClInclude>
    <ClInclude Include="source\thirdparty\GL\GL\Framebuffer.hpp">
      <Filter>Header Files</Filter>
    </ClInclude>
    <ClInclude Include="source\thirdparty\GL\GL\GC.hpp">
      <Filter>Header Files</Filter>
    </ClInclude>
    <ClInclude Include="source\thirdparty\GL\GL\Program.hpp">
      <Filter>Header Files</Filter>
    </ClInclude>
    <ClInclude Include="source\thirdparty\GL\GL\Renderbuffer.hpp">
      <Filter>Header Files</Filter>
    </ClInclude>
    <ClInclude Include="source\thirdparty\GL\GL\Shader.hpp">
      <Filter>Header Files</Filter>
    </ClInclude>
    <ClInclude Include="source\thirdparty\GL\GL\Texture.hpp">
      <Filter>Header Files</Filter>
    </ClInclude>
    <ClInclude Include="source\thirdparty\GL\GL\VertexArray.hpp">
      <Filter>Header Files</Filter>
    </ClInclude>
    <ClInclude Include="source\thirdparty\GL\GL\VertexBuffer.hpp">
      <Filter>Header Files</Filter>
    </ClInclude>
    <ClInclude Include="source\thirdparty\GL\Math\Mat3.hpp">
      <Filter>Header Files</Filter>
    </ClInclude>
    <ClInclude Include="source\thirdparty\GL\Math\Mat4.hpp">
      <Filter>Header Files</Filter>
    </ClInclude>
    <ClInclude Include="source\thirdparty\GL\Math\Util.hpp">
      <Filter>Header Files</Filter>
    </ClInclude>
    <ClInclude Include="source\thirdparty\GL\Math\Vec2.hpp">
      <Filter>Header Files</Filter>
    </ClInclude>
    <ClInclude Include="source\thirdparty\GL\Math\Vec3.hpp">
      <Filter>Header Files</Filter>
    </ClInclude>
    <ClInclude Include="source\thirdparty\GL\Math\Vec4.hpp">
      <Filter>Header Files</Filter>
    </ClInclude>
    <ClInclude Include="source\thirdparty\GL\OOGL.hpp">
      <Filter>Header Files</Filter>
    </ClInclude>
    <ClInclude Include="source\thirdparty\GL\Platform.hpp">
      <Filter>Header Files</Filter>
    </ClInclude>
    <ClInclude Include="source\thirdparty\GL\Util\ByteBuffer.hpp">
      <Filter>Header Files</Filter>
    </ClInclude>
    <ClInclude Include="source\thirdparty\GL\Util\Color.hpp">
      <Filter>Header Files</Filter>
    </ClInclude>
    <ClInclude Include="source\thirdparty\GL\Util\Image.hpp">
      <Filter>Header Files</Filter>
    </ClInclude>
    <ClInclude Include="source\thirdparty\GL\Util\libjpeg\cderror.h">
      <Filter>Header Files</Filter>
    </ClInclude>
    <ClInclude Include="source\thirdparty\GL\Util\libjpeg\jconfig.h">
      <Filter>Header Files</Filter>
    </ClInclude>
    <ClInclude Include="source\thirdparty\GL\Util\libjpeg\jdct.h">
      <Filter>Header Files</Filter>
    </ClInclude>
    <ClInclude Include="source\thirdparty\GL\Util\libjpeg\jerror.h">
      <Filter>Header Files</Filter>
    </ClInclude>
    <ClInclude Include="source\thirdparty\GL\Util\libjpeg\jinclude.h">
      <Filter>Header Files</Filter>
    </ClInclude>
    <ClInclude Include="source\thirdparty\GL\Util\libjpeg\jmemsys.h">
      <Filter>Header Files</Filter>
    </ClInclude>
    <ClInclude Include="source\thirdparty\GL\Util\libjpeg\jmorecfg.h">
      <Filter>Header Files</Filter>
    </ClInclude>
    <ClInclude Include="source\thirdparty\GL\Util\libjpeg\jpegint.h">
      <Filter>Header Files</Filter>
    </ClInclude>
    <ClInclude Include="source\thirdparty\GL\Util\libjpeg\jpeglib.h">
      <Filter>Header Files</Filter>
    </ClInclude>
    <ClInclude Include="source\thirdparty\GL\Util\libjpeg\jversion.h">
      <Filter>Header Files</Filter>
    </ClInclude>
    <ClInclude Include="source\thirdparty\GL\Util\libpng\png.h">
      <Filter>Header Files</Filter>
    </ClInclude>
    <ClInclude Include="source\thirdparty\GL\Util\libpng\pngconf.h">
      <Filter>Header Files</Filter>
    </ClInclude>
    <ClInclude Include="source\thirdparty\GL\Util\Mesh.hpp">
      <Filter>Header Files</Filter>
    </ClInclude>
    <ClInclude Include="source\thirdparty\GL\Util\zlib\crc32.h">
      <Filter>Header Files</Filter>
    </ClInclude>
    <ClInclude Include="source\thirdparty\GL\Util\zlib\deflate.h">
      <Filter>Header Files</Filter>
    </ClInclude>
    <ClInclude Include="source\thirdparty\GL\Util\zlib\inffast.h">
      <Filter>Header Files</Filter>
    </ClInclude>
    <ClInclude Include="source\thirdparty\GL\Util\zlib\inffixed.h">
      <Filter>Header Files</Filter>
    </ClInclude>
    <ClInclude Include="source\thirdparty\GL\Util\zlib\inflate.h">
      <Filter>Header Files</Filter>
    </ClInclude>
    <ClInclude Include="source\thirdparty\GL\Util\zlib\inftrees.h">
      <Filter>Header Files</Filter>
    </ClInclude>
    <ClInclude Include="source\thirdparty\GL\Util\zlib\trees.h">
      <Filter>Header Files</Filter>
    </ClInclude>
    <ClInclude Include="source\thirdparty\GL\Util\zlib\zconf.h">
      <Filter>Header Files</Filter>
    </ClInclude>
    <ClInclude Include="source\thirdparty\GL\Util\zlib\zlib.h">
      <Filter>Header Files</Filter>
    </ClInclude>
    <ClInclude Include="source\thirdparty\GL\Util\zlib\zutil.h">
      <Filter>Header Files</Filter>
    </ClInclude>
    <ClInclude Include="source\thirdparty\GL\Window\Event.hpp">
      <Filter>Header Files</Filter>
    </ClInclude>
    <ClInclude Include="source\thirdparty\GL\Window\Window.hpp">
      <Filter>Header Files</Filter>
    </ClInclude>
    <ClInclude Include="source\thirdparty\micropather\micropather.h">
      <Filter>Header Files</Filter>
    </ClInclude>
    <ClInclude Include="source\common\PI.hpp">
      <Filter>Header Files</Filter>
    </ClInclude>
    <ClInclude Include="source\common\lerp.hpp">
      <Filter>Header Files</Filter>
    </ClInclude>
    <ClInclude Include="source\common\bezier.hpp">
      <Filter>Header Files</Filter>
    </ClInclude>
    <ClInclude Include="source\game\creature\trait\TraitMemory.hpp">
      <Filter>Header Files</Filter>
    </ClInclude>
    <ClInclude Include="source\game\player\NetworkPlayer.hpp">
      <Filter>Header Files</Filter>
    </ClInclude>
    <ClInclude Include="source\game\level\RemoteLevel.hpp">
      <Filter>Header Files</Filter>
    </ClInclude>
    <ClInclude Include="source\common\InputHelper.hpp">
      <Filter>Header Files</Filter>
    </ClInclude>
    <ClInclude Include="source\resource\ArchiveReader.hpp">
      <Filter>Header Files</Filter>
    </ClInclude>
    <ClInclude Include="source\resource\ArchiveWriter.hpp">
      <Filter>Header Files</Filter>
    </ClInclude>
    <ClInclude Include="source\thirdparty\Doboz\Common.h">
      <Filter>Header Files</Filter>
    </ClInclude>
    <ClInclude Include="source\thirdparty\Doboz\Compressor.h">
      <Filter>Header Files</Filter>
    </ClInclude>
    <ClInclude Include="source\thirdparty\Doboz\Decompressor.h">
      <Filter>Header Files</Filter>
    </ClInclude>
    <ClInclude Include="source\thirdparty\Doboz\Dictionary.h">
      <Filter>Header Files</Filter>
    </ClInclude>
    <ClInclude Include="source\common\Encoder.hpp">
      <Filter>Header Files</Filter>
    </ClInclude>
    <ClInclude Include="source\gfx\core\Mesh.hpp">
      <Filter>Header Files</Filter>
    </ClInclude>
    <ClInclude Include="source\gfx\core\Vertex.hpp">
      <Filter>Header Files</Filter>
    </ClInclude>
    <ClInclude Include="source\gfx\scene\model\CreatureModel.hpp">
      <Filter>Header Files</Filter>
    </ClInclude>
    <ClInclude Include="source\gfx\scene\model\HubModel.hpp">
      <Filter>Header Files</Filter>
    </ClInclude>
    <ClInclude Include="source\gfx\scene\model\Model.hpp">
      <Filter>Header Files</Filter>
    </ClInclude>
    <ClInclude Include="source\gfx\scene\Camera.hpp">
      <Filter>Header Files</Filter>
    </ClInclude>
    <ClInclude Include="source\gfx\scene\Scene.hpp">
      <Filter>Header Files</Filter>
    </ClInclude>
    <ClInclude Include="source\gfx\shape\CreatureShape.hpp">
      <Filter>Header Files</Filter>
    </ClInclude>
    <ClInclude Include="source\gfx\shape\PlatformRingShape.hpp">
      <Filter>Header Files</Filter>
    </ClInclude>
    <ClInclude Include="source\gfx\shape\VoronoiPillarShape.hpp">
      <Filter>Header Files</Filter>
    </ClInclude>
    <ClInclude Include="source\gfx\shape\WireShape.hpp">
      <Filter>Header Files</Filter>
    </ClInclude>
    <ClInclude Include="source\gfx\gui\RocketFileInterface.hpp">
      <Filter>Header Files</Filter>
    </ClInclude>
    <ClInclude Include="source\gfx\gui\RocketRenderInterface.hpp">
      <Filter>Header Files</Filter>
    </ClInclude>
    <ClInclude Include="source\gfx\gui\RocketSystemInterface.hpp">
      <Filter>Header Files</Filter>
    </ClInclude>
    <ClInclude Include="source\gfx\gui\GUI.hpp">
      <Filter>Header Files</Filter>
    </ClInclude>
    <ClInclude Include="source\resource\ShaderLoader.hpp">
      <Filter>Header Files</Filter>
    </ClInclude>
    <ClInclude Include="source\gfx\core\ShaderTable.hpp">
      <Filter>Header Files</Filter>
    </ClInclude>
    <ClInclude Include="source\gfx\RenderThread.hpp">
      <Filter>Header Files</Filter>
    </ClInclude>
    <ClInclude Include="source\Potato.hpp">
      <Filter>Header Files</Filter>
    </ClInclude>
    <ClInclude Include="source\game\GameThread.hpp">
      <Filter>Header Files</Filter>
    </ClInclude>
    <ClInclude Include="source\gfx\scene\model\TransportModel.hpp">
      <Filter>Header Files</Filter>
    </ClInclude>
    <ClInclude Include="source\gfx\scene\model\ChargeModel.hpp">
      <Filter>Header Files</Filter>
    </ClInclude>
    <ClInclude Include="source\gfx\scene\model\ResourceModel.hpp">
      <Filter>Header Files</Filter>
    </ClInclude>
    <ClInclude Include="source\gfx\scene\model\TraceModel.hpp">
      <Filter>Header Files</Filter>
    </ClInclude>
    <ClInclude Include="source\gfx\scene\model\SpawnModel.hpp">
      <Filter>Header Files</Filter>
    </ClInclude>
    <ClInclude Include="source\gfx\scene\model\PortalModel.hpp">
      <Filter>Header Files</Filter>
    </ClInclude>
    <ClInclude Include="source\gfx\scene\model\TrapModel.hpp">
      <Filter>Header Files</Filter>
    </ClInclude>
    <ClInclude Include="source\game\event\entityevents.hpp">
      <Filter>Header Files</Filter>
    </ClInclude>
    <ClInclude Include="source\common\GLlerp.hpp">
      <Filter>Header Files</Filter>
    </ClInclude>
    <ClInclude Include="source\gfx\scene\Horizon.hpp">
      <Filter>Header Files</Filter>
    </ClInclude>
    <ClInclude Include="source\game\event\serverevents.hpp">
      <Filter>Header Files</Filter>
    </ClInclude>
    <ClInclude Include="source\game\event\clientevents.hpp">
      <Filter>Header Files</Filter>
    </ClInclude>
    <ClInclude Include="source\common\Diplomacy.hpp">
      <Filter>Header Files</Filter>
    </ClInclude>
    <ClInclude Include="source\game\level\LevelBuilder.hpp">
      <Filter>Header Files</Filter>
    </ClInclude>
    <ClInclude Include="source\game\entity\ChargeEntity.hpp">
      <Filter>Header Files</Filter>
    </ClInclude>
    <ClInclude Include="source\game\entity\CreatureEntity.hpp">
      <Filter>Header Files</Filter>
    </ClInclude>
    <ClInclude Include="source\game\entity\Entity.hpp">
      <Filter>Header Files</Filter>
    </ClInclude>
    <ClInclude Include="source\game\entity\EntityManager.hpp">
      <Filter>Header Files</Filter>
    </ClInclude>
    <ClInclude Include="source\game\entity\HubEntity.hpp">
      <Filter>Header Files</Filter>
    </ClInclude>
    <ClInclude Include="source\game\entity\PlatformEntity.hpp">
      <Filter>Header Files</Filter>
    </ClInclude>
    <ClInclude Include="source\game\entity\PortalEntity.hpp">
      <Filter>Header Files</Filter>
    </ClInclude>
    <ClInclude Include="source\game\entity\ResourceEntity.hpp">
      <Filter>Header Files</Filter>
    </ClInclude>
    <ClInclude Include="source\game\entity\SpawnEntity.hpp">
      <Filter>Header Files</Filter>
    </ClInclude>
    <ClInclude Include="source\game\entity\TraceEntity.hpp">
      <Filter>Header Files</Filter>
    </ClInclude>
    <ClInclude Include="source\game\entity\TransportEntity.hpp">
      <Filter>Header Files</Filter>
    </ClInclude>
    <ClInclude Include="source\game\entity\TrapEntity.hpp">
      <Filter>Header Files</Filter>
    </ClInclude>
  </ItemGroup>
  <ItemGroup>
    <None Include="source\thirdparty\Rocket\Core\Colour.inl">
      <Filter>Header Files</Filter>
    </None>
    <None Include="source\thirdparty\Rocket\Core\Dictionary.inl">
      <Filter>Header Files</Filter>
    </None>
    <None Include="source\thirdparty\Rocket\Core\Element.inl">
      <Filter>Header Files</Filter>
    </None>
    <None Include="source\thirdparty\Rocket\Core\ElementInstancerGeneric.inl">
      <Filter>Header Files</Filter>
    </None>
    <None Include="source\thirdparty\Rocket\Core\Lua\LuaType.inl">
      <Filter>Header Files</Filter>
    </None>
    <None Include="source\thirdparty\Rocket\Core\StringBase.inl">
      <Filter>Header Files</Filter>
    </None>
    <None Include="source\thirdparty\Rocket\Core\TypeConverter.inl">
      <Filter>Header Files</Filter>
    </None>
    <None Include="source\thirdparty\Rocket\Core\Variant.inl">
      <Filter>Header Files</Filter>
    </None>
    <None Include="source\thirdparty\Rocket\Core\Vector2.inl">
      <Filter>Header Files</Filter>
    </None>
  </ItemGroup>
  <ItemGroup>
    <Library Include="lib\RocketCore_d.lib" />
    <Library Include="lib\RocketCore.lib" />
    <Library Include="lib\RocketControls_d.lib" />
    <Library Include="lib\RocketControls.lib" />
    <Library Include="lib\freetype27.lib" />
    <Library Include="lib\freetype27d.lib" />
    <Library Include="lib\RocketDebugger.lib" />
    <Library Include="lib\RocketDebugger_d.lib" />
  </ItemGroup>
</Project>